
Microsoft Visual Studio Solution File, Format Version 12.00
# Visual Studio Version 17
VisualStudioVersion = 17.8.34525.116
MinimumVisualStudioVersion = 10.0.40219.1
Project("{9A19103F-16F7-4668-BE54-9A1E7A4F7556}") = "ChromeHistoryAnalyzer_WPF", "..\ChromeHistoryAnalyzer_WPF\ChromeHistoryAnalyzer_WPF.csproj", "{FF588C12-A212-4681-81D2-48198B17A57F}"
EndProject
Project("{FAE04EC0-301F-11D3-BF4B-00C04F79EFBC}") = "ChromeHistoryParser_ClassLib", "..\ChromeHistoryParser_ClassLib\ChromeHistoryParser_ClassLib.csproj", "{6C813495-FE48-4DD7-9BD8-C8D08F140D68}"
EndProject
Global
	GlobalSection(SolutionConfigurationPlatforms) = preSolution
		Debug|Any CPU = Debug|Any CPU
		Release|Any CPU = Release|Any CPU
	EndGlobalSection
	GlobalSection(ProjectConfigurationPlatforms) = postSolution
		{FF588C12-A212-4681-81D2-48198B17A57F}.Debug|Any CPU.ActiveCfg = Debug|Any CPU
		{FF588C12-A212-4681-81D2-48198B17A57F}.Debug|Any CPU.Build.0 = Debug|Any CPU
		{FF588C12-A212-4681-81D2-48198B17A57F}.Release|Any CPU.ActiveCfg = Release|Any CPU
		{FF588C12-A212-4681-81D2-48198B17A57F}.Release|Any CPU.Build.0 = Release|Any CPU
		{6C813495-FE48-4DD7-9BD8-C8D08F140D68}.Debug|Any CPU.ActiveCfg = Debug|Any CPU
		{6C813495-FE48-4DD7-9BD8-C8D08F140D68}.Debug|Any CPU.Build.0 = Debug|Any CPU
		{6C813495-FE48-4DD7-9BD8-C8D08F140D68}.Release|Any CPU.ActiveCfg = Release|Any CPU
		{6C813495-FE48-4DD7-9BD8-C8D08F140D68}.Release|Any CPU.Build.0 = Release|Any CPU
	EndGlobalSection
	GlobalSection(SolutionProperties) = preSolution
		HideSolutionNode = FALSE
	EndGlobalSection
	GlobalSection(ExtensibilityGlobals) = postSolution
		SolutionGuid = {606AD280-2DF4-48C7-9D18-CAAF77DAA674}
	EndGlobalSection
EndGlobal
