
Microsoft Visual Studio Solution File, Format Version 12.00
# Visual Studio Version 17
VisualStudioVersion = 17.8.34525.116
MinimumVisualStudioVersion = 10.0.40219.1
Project("{FAE04EC0-301F-11D3-BF4B-00C04F79EFBC}") = "ChromeHistoryParser", "ChromeHistoryParser.csproj", "{6BC2E85D-09CD-4454-9292-0D9BF2BD0E02}"
EndProject
Global
	GlobalSection(SolutionConfigurationPlatforms) = preSolution
		Debug|Any CPU = Debug|Any CPU
		Release|Any CPU = Release|Any CPU
	EndGlobalSection
	GlobalSection(ProjectConfigurationPlatforms) = postSolution
		{6BC2E85D-09CD-4454-9292-0D9BF2BD0E02}.Debug|Any CPU.ActiveCfg = Debug|Any CPU
		{6BC2E85D-09CD-4454-9292-0D9BF2BD0E02}.Debug|Any CPU.Build.0 = Debug|Any CPU
		{6BC2E85D-09CD-4454-9292-0D9BF2BD0E02}.Release|Any CPU.ActiveCfg = Release|Any CPU
		{6BC2E85D-09CD-4454-9292-0D9BF2BD0E02}.Release|Any CPU.Build.0 = Release|Any CPU
	EndGlobalSection
	GlobalSection(SolutionProperties) = preSolution
		HideSolutionNode = FALSE
	EndGlobalSection
	GlobalSection(ExtensibilityGlobals) = postSolution
		SolutionGuid = {606AD280-2DF4-48C7-9D18-CAAF77DAA674}
	EndGlobalSection
EndGlobal
